
Microsoft Visual Studio Solution File, Format Version 12.00
# Visual Studio Version 16
VisualStudioVersion = 16.0.30804.86
MinimumVisualStudioVersion = 10.0.40219.1
Project("{FAE04EC0-301F-11D3-BF4B-00C04F79EFBC}") = "Demo_Piece_Api", "Demo_Piece_Api\Demo_Piece_Api.csproj", "{D687F2EF-1627-40D6-9933-615B293F977B}"
EndProject
Project("{FAE04EC0-301F-11D3-BF4B-00C04F79EFBC}") = "DAL", "DAL\DAL.csproj", "{A1F79CD2-6F38-45EF-A944-CF279F1AE9F1}"
EndProject
Project("{FAE04EC0-301F-11D3-BF4B-00C04F79EFBC}") = "BLL", "BLL\BLL.csproj", "{4BF8244E-14E9-49C8-8C7C-D3DD31D39FD2}"
EndProject
Project("{FAE04EC0-301F-11D3-BF4B-00C04F79EFBC}") = "DataModel", "DataModel\DataModel.csproj", "{8A4F7844-4846-4E3C-ACB9-5529B0056D23}"
EndProject
Project("{FAE04EC0-301F-11D3-BF4B-00C04F79EFBC}") = "IBLL", "IBLL\IBLL.csproj", "{61A07B85-78C8-4EFF-9A41-85B8F2809F31}"
EndProject
Global
	GlobalSection(SolutionConfigurationPlatforms) = preSolution
		Debug|Any CPU = Debug|Any CPU
		Release|Any CPU = Release|Any CPU
	EndGlobalSection
	GlobalSection(ProjectConfigurationPlatforms) = postSolution
		{D687F2EF-1627-40D6-9933-615B293F977B}.Debug|Any CPU.ActiveCfg = Debug|Any CPU
		{D687F2EF-1627-40D6-9933-615B293F977B}.Debug|Any CPU.Build.0 = Debug|Any CPU
		{D687F2EF-1627-40D6-9933-615B293F977B}.Release|Any CPU.ActiveCfg = Release|Any CPU
		{D687F2EF-1627-40D6-9933-615B293F977B}.Release|Any CPU.Build.0 = Release|Any CPU
		{A1F79CD2-6F38-45EF-A944-CF279F1AE9F1}.Debug|Any CPU.ActiveCfg = Debug|Any CPU
		{A1F79CD2-6F38-45EF-A944-CF279F1AE9F1}.Debug|Any CPU.Build.0 = Debug|Any CPU
		{A1F79CD2-6F38-45EF-A944-CF279F1AE9F1}.Release|Any CPU.ActiveCfg = Release|Any CPU
		{A1F79CD2-6F38-45EF-A944-CF279F1AE9F1}.Release|Any CPU.Build.0 = Release|Any CPU
		{4BF8244E-14E9-49C8-8C7C-D3DD31D39FD2}.Debug|Any CPU.ActiveCfg = Debug|Any CPU
		{4BF8244E-14E9-49C8-8C7C-D3DD31D39FD2}.Debug|Any CPU.Build.0 = Debug|Any CPU
		{4BF8244E-14E9-49C8-8C7C-D3DD31D39FD2}.Release|Any CPU.ActiveCfg = Release|Any CPU
		{4BF8244E-14E9-49C8-8C7C-D3DD31D39FD2}.Release|Any CPU.Build.0 = Release|Any CPU
		{8A4F7844-4846-4E3C-ACB9-5529B0056D23}.Debug|Any CPU.ActiveCfg = Debug|Any CPU
		{8A4F7844-4846-4E3C-ACB9-5529B0056D23}.Debug|Any CPU.Build.0 = Debug|Any CPU
		{8A4F7844-4846-4E3C-ACB9-5529B0056D23}.Release|Any CPU.ActiveCfg = Release|Any CPU
		{8A4F7844-4846-4E3C-ACB9-5529B0056D23}.Release|Any CPU.Build.0 = Release|Any CPU
		{61A07B85-78C8-4EFF-9A41-85B8F2809F31}.Debug|Any CPU.ActiveCfg = Debug|Any CPU
		{61A07B85-78C8-4EFF-9A41-85B8F2809F31}.Debug|Any CPU.Build.0 = Debug|Any CPU
		{61A07B85-78C8-4EFF-9A41-85B8F2809F31}.Release|Any CPU.ActiveCfg = Release|Any CPU
		{61A07B85-78C8-4EFF-9A41-85B8F2809F31}.Release|Any CPU.Build.0 = Release|Any CPU
	EndGlobalSection
	GlobalSection(SolutionProperties) = preSolution
		HideSolutionNode = FALSE
	EndGlobalSection
	GlobalSection(ExtensibilityGlobals) = postSolution
		SolutionGuid = {B29C9BC2-90C4-490C-8BB4-06951460945B}
	EndGlobalSection
EndGlobal
